
Microsoft Visual Studio Solution File, Format Version 12.00
# Visual Studio Version 17
VisualStudioVersion = 17.8.34330.188
MinimumVisualStudioVersion = 10.0.40219.1
Project("{9A19103F-16F7-4668-BE54-9A1E7A4F7556}") = "AuctionService", "src\AuctionService\AuctionService.csproj", "{C5C05C8C-69AD-48BA-8097-1D39333E2546}"
EndProject
Project("{2150E333-8FDC-42A3-9474-1A3956D46DE8}") = "Solution Items", "Solution Items", "{E984033B-FCCE-4971-9556-50B6DF423D34}"
	ProjectSection(SolutionItems) = preProject
		docker-compose.yml = docker-compose.yml
	EndProjectSection
EndProject
Project("{9A19103F-16F7-4668-BE54-9A1E7A4F7556}") = "SearchService", "src\SearchService\SearchService.csproj", "{62E16AB1-C634-4264-9958-29E7EA8F67F9}"
EndProject
Project("{9A19103F-16F7-4668-BE54-9A1E7A4F7556}") = "IdentityService", "src\IdentityService\IdentityService.csproj", "{05336A5A-78B0-4E78-9BB0-C64AA3A2AD67}"
EndProject
Project("{9A19103F-16F7-4668-BE54-9A1E7A4F7556}") = "GatewayService", "src\GatewayService\GatewayService.csproj", "{F530BFB1-04A1-4439-81AB-E48BB63D4AAB}"
EndProject
Project("{FAE04EC0-301F-11D3-BF4B-00C04F79EFBC}") = "BiddingService", "src\BiddingService\BiddingService.csproj", "{43EEE2AE-E610-4FEB-B963-0704F08F71D6}"
EndProject
Project("{FAE04EC0-301F-11D3-BF4B-00C04F79EFBC}") = "NotificationService", "src\NotificationService\NotificationService.csproj", "{D8303F07-83A1-4313-AD1D-CC20D0186D14}"
EndProject
Global
	GlobalSection(SolutionConfigurationPlatforms) = preSolution
		Debug|Any CPU = Debug|Any CPU
		Release|Any CPU = Release|Any CPU
	EndGlobalSection
	GlobalSection(ProjectConfigurationPlatforms) = postSolution
		{C5C05C8C-69AD-48BA-8097-1D39333E2546}.Debug|Any CPU.ActiveCfg = Debug|Any CPU
		{C5C05C8C-69AD-48BA-8097-1D39333E2546}.Debug|Any CPU.Build.0 = Debug|Any CPU
		{C5C05C8C-69AD-48BA-8097-1D39333E2546}.Release|Any CPU.ActiveCfg = Release|Any CPU
		{C5C05C8C-69AD-48BA-8097-1D39333E2546}.Release|Any CPU.Build.0 = Release|Any CPU
		{62E16AB1-C634-4264-9958-29E7EA8F67F9}.Debug|Any CPU.ActiveCfg = Debug|Any CPU
		{62E16AB1-C634-4264-9958-29E7EA8F67F9}.Debug|Any CPU.Build.0 = Debug|Any CPU
		{62E16AB1-C634-4264-9958-29E7EA8F67F9}.Release|Any CPU.ActiveCfg = Release|Any CPU
		{62E16AB1-C634-4264-9958-29E7EA8F67F9}.Release|Any CPU.Build.0 = Release|Any CPU
		{05336A5A-78B0-4E78-9BB0-C64AA3A2AD67}.Debug|Any CPU.ActiveCfg = Debug|Any CPU
		{05336A5A-78B0-4E78-9BB0-C64AA3A2AD67}.Debug|Any CPU.Build.0 = Debug|Any CPU
		{05336A5A-78B0-4E78-9BB0-C64AA3A2AD67}.Release|Any CPU.ActiveCfg = Release|Any CPU
		{05336A5A-78B0-4E78-9BB0-C64AA3A2AD67}.Release|Any CPU.Build.0 = Release|Any CPU
		{F530BFB1-04A1-4439-81AB-E48BB63D4AAB}.Debug|Any CPU.ActiveCfg = Debug|Any CPU
		{F530BFB1-04A1-4439-81AB-E48BB63D4AAB}.Debug|Any CPU.Build.0 = Debug|Any CPU
		{F530BFB1-04A1-4439-81AB-E48BB63D4AAB}.Release|Any CPU.ActiveCfg = Release|Any CPU
		{F530BFB1-04A1-4439-81AB-E48BB63D4AAB}.Release|Any CPU.Build.0 = Release|Any CPU
		{43EEE2AE-E610-4FEB-B963-0704F08F71D6}.Debug|Any CPU.ActiveCfg = Debug|Any CPU
		{43EEE2AE-E610-4FEB-B963-0704F08F71D6}.Debug|Any CPU.Build.0 = Debug|Any CPU
		{43EEE2AE-E610-4FEB-B963-0704F08F71D6}.Release|Any CPU.ActiveCfg = Release|Any CPU
		{43EEE2AE-E610-4FEB-B963-0704F08F71D6}.Release|Any CPU.Build.0 = Release|Any CPU
		{D8303F07-83A1-4313-AD1D-CC20D0186D14}.Debug|Any CPU.ActiveCfg = Debug|Any CPU
		{D8303F07-83A1-4313-AD1D-CC20D0186D14}.Debug|Any CPU.Build.0 = Debug|Any CPU
		{D8303F07-83A1-4313-AD1D-CC20D0186D14}.Release|Any CPU.ActiveCfg = Release|Any CPU
		{D8303F07-83A1-4313-AD1D-CC20D0186D14}.Release|Any CPU.Build.0 = Release|Any CPU
	EndGlobalSection
	GlobalSection(SolutionProperties) = preSolution
		HideSolutionNode = FALSE
	EndGlobalSection
	GlobalSection(ExtensibilityGlobals) = postSolution
		SolutionGuid = {2804A450-5F51-4BD3-B3AC-5B4F8C14D7E9}
	EndGlobalSection
EndGlobal
